
Microsoft Visual Studio Solution File, Format Version 12.00
# Visual Studio 15
VisualStudioVersion = 15.0.27703.2042
MinimumVisualStudioVersion = 10.0.40219.1
Project("{9A19103F-16F7-4668-BE54-9A1E7A4F7556}") = "GodsArenaApi", "GodsArenaApi\GodsArenaApi.csproj", "{7F0968EF-0B1E-4C56-B04D-2F2A9EE3BC80}"
	ProjectSection(ProjectDependencies) = postProject
		{4362BB1D-BB58-44CE-84B5-9DF2D0D8AF7B} = {4362BB1D-BB58-44CE-84B5-9DF2D0D8AF7B}
	EndProjectSection
EndProject
Project("{FAE04EC0-301F-11D3-BF4B-00C04F79EFBC}") = "Random Distribution System", "Random Distribution System\Random Distribution System.csproj", "{4362BB1D-BB58-44CE-84B5-9DF2D0D8AF7B}"
EndProject
Global
	GlobalSection(SolutionConfigurationPlatforms) = preSolution
		Debug|Any CPU = Debug|Any CPU
		Release|Any CPU = Release|Any CPU
	EndGlobalSection
	GlobalSection(ProjectConfigurationPlatforms) = postSolution
		{7F0968EF-0B1E-4C56-B04D-2F2A9EE3BC80}.Debug|Any CPU.ActiveCfg = Debug|Any CPU
		{7F0968EF-0B1E-4C56-B04D-2F2A9EE3BC80}.Debug|Any CPU.Build.0 = Debug|Any CPU
		{7F0968EF-0B1E-4C56-B04D-2F2A9EE3BC80}.Release|Any CPU.ActiveCfg = Release|Any CPU
		{7F0968EF-0B1E-4C56-B04D-2F2A9EE3BC80}.Release|Any CPU.Build.0 = Release|Any CPU
		{4362BB1D-BB58-44CE-84B5-9DF2D0D8AF7B}.Debug|Any CPU.ActiveCfg = Debug|Any CPU
		{4362BB1D-BB58-44CE-84B5-9DF2D0D8AF7B}.Debug|Any CPU.Build.0 = Debug|Any CPU
		{4362BB1D-BB58-44CE-84B5-9DF2D0D8AF7B}.Release|Any CPU.ActiveCfg = Release|Any CPU
		{4362BB1D-BB58-44CE-84B5-9DF2D0D8AF7B}.Release|Any CPU.Build.0 = Release|Any CPU
	EndGlobalSection
	GlobalSection(SolutionProperties) = preSolution
		HideSolutionNode = FALSE
	EndGlobalSection
	GlobalSection(ExtensibilityGlobals) = postSolution
		SolutionGuid = {BF19F20D-A6B0-48A0-BCEA-C6CC15A6EBBE}
	EndGlobalSection
EndGlobal
